// !$*UTF8*$!
{
	archiveVersion = 1;
	classes = {
	};
	objectVersion = 48;
	objects = {

/* Begin PBXBuildFile section */
		DF6E089B1FA9307E00D93A87 /* AppDelegate.swift in Sources */ = {isa = PBXBuildFile; fileRef = DF6E089A1FA9307E00D93A87 /* AppDelegate.swift */; };
		DF6E089D1FA9307E00D93A87 /* GameScene.sks in Resources */ = {isa = PBXBuildFile; fileRef = DF6E089C1FA9307E00D93A87 /* GameScene.sks */; };
		DF6E089F1FA9307E00D93A87 /* Actions.sks in Resources */ = {isa = PBXBuildFile; fileRef = DF6E089E1FA9307E00D93A87 /* Actions.sks */; };
		DF6E08A11FA9307E00D93A87 /* GameScene.swift in Sources */ = {isa = PBXBuildFile; fileRef = DF6E08A01FA9307E00D93A87 /* GameScene.swift */; };
		DF6E08A31FA9307E00D93A87 /* GameViewController.swift in Sources */ = {isa = PBXBuildFile; fileRef = DF6E08A21FA9307E00D93A87 /* GameViewController.swift */; };
		DF6E08A61FA9307E00D93A87 /* Main.storyboard in Resources */ = {isa = PBXBuildFile; fileRef = DF6E08A41FA9307E00D93A87 /* Main.storyboard */; };
		DF6E08A81FA9307E00D93A87 /* Assets.xcassets in Resources */ = {isa = PBXBuildFile; fileRef = DF6E08A71FA9307E00D93A87 /* Assets.xcassets */; };
		DF6E08AB1FA9307E00D93A87 /* LaunchScreen.storyboard in Resources */ = {isa = PBXBuildFile; fileRef = DF6E08A91FA9307E00D93A87 /* LaunchScreen.storyboard */; };
		DF6E08B61FA9307E00D93A87 /* Fizikos_MetinisTests.swift in Sources */ = {isa = PBXBuildFile; fileRef = DF6E08B51FA9307E00D93A87 /* Fizikos_MetinisTests.swift */; };
		DF6E08C11FA9307E00D93A87 /* Fizikos_MetinisUITests.swift in Sources */ = {isa = PBXBuildFile; fileRef = DF6E08C01FA9307E00D93A87 /* Fizikos_MetinisUITests.swift */; };
		DF6E08CF1FA930BA00D93A87 /* Ball.swift in Sources */ = {isa = PBXBuildFile; fileRef = DF6E08CE1FA930B900D93A87 /* Ball.swift */; };
		DF6E08D11FA9353500D93A87 /* BorderRectangle.swift in Sources */ = {isa = PBXBuildFile; fileRef = DF6E08D01FA9353500D93A87 /* BorderRectangle.swift */; };
		DF6E08D31FA9F59C00D93A87 /* MyTileSet.sks in Resources */ = {isa = PBXBuildFile; fileRef = DF6E08D21FA9F59C00D93A87 /* MyTileSet.sks */; };
		DF71303F1FABEF3F00ECDB0D /* DragLine.swift in Sources */ = {isa = PBXBuildFile; fileRef = DF71303E1FABEF3F00ECDB0D /* DragLine.swift */; };
		DFCBED811FAF531F00D4E8FB /* Geometry.swift in Sources */ = {isa = PBXBuildFile; fileRef = DFCBED801FAF531E00D4E8FB /* Geometry.swift */; };
/* End PBXBuildFile section */

/* Begin PBXContainerItemProxy section */
		DF6E08B21FA9307E00D93A87 /* PBXContainerItemProxy */ = {
			isa = PBXContainerItemProxy;
			containerPortal = DF6E088F1FA9307E00D93A87 /* Project object */;
			proxyType = 1;
			remoteGlobalIDString = DF6E08961FA9307E00D93A87;
			remoteInfo = "Fizikos Metinis";
		};
		DF6E08BD1FA9307E00D93A87 /* PBXContainerItemProxy */ = {
			isa = PBXContainerItemProxy;
			containerPortal = DF6E088F1FA9307E00D93A87 /* Project object */;
			proxyType = 1;
			remoteGlobalIDString = DF6E08961FA9307E00D93A87;
			remoteInfo = "Fizikos Metinis";
		};
/* End PBXContainerItemProxy section */

/* Begin PBXFileReference section */
		DF6E08971FA9307E00D93A87 /* Fizikos Metinis.app */ = {isa = PBXFileReference; explicitFileType = wrapper.application; includeInIndex = 0; path = "Fizikos Metinis.app"; sourceTree = BUILT_PRODUCTS_DIR; };
		DF6E089A1FA9307E00D93A87 /* AppDelegate.swift */ = {isa = PBXFileReference; lastKnownFileType = sourcecode.swift; path = AppDelegate.swift; sourceTree = "<group>"; };
		DF6E089C1FA9307E00D93A87 /* GameScene.sks */ = {isa = PBXFileReference; lastKnownFileType = file.sks; path = GameScene.sks; sourceTree = "<group>"; };
		DF6E089E1FA9307E00D93A87 /* Actions.sks */ = {isa = PBXFileReference; lastKnownFileType = file.sks; path = Actions.sks; sourceTree = "<group>"; };
		DF6E08A01FA9307E00D93A87 /* GameScene.swift */ = {isa = PBXFileReference; lastKnownFileType = sourcecode.swift; path = GameScene.swift; sourceTree = "<group>"; };
		DF6E08A21FA9307E00D93A87 /* GameViewController.swift */ = {isa = PBXFileReference; lastKnownFileType = sourcecode.swift; path = GameViewController.swift; sourceTree = "<group>"; };
		DF6E08A51FA9307E00D93A87 /* Base */ = {isa = PBXFileReference; lastKnownFileType = file.storyboard; name = Base; path = Base.lproj/Main.storyboard; sourceTree = "<group>"; };
		DF6E08A71FA9307E00D93A87 /* Assets.xcassets */ = {isa = PBXFileReference; lastKnownFileType = folder.assetcatalog; path = Assets.xcassets; sourceTree = "<group>"; };
		DF6E08AA1FA9307E00D93A87 /* Base */ = {isa = PBXFileReference; lastKnownFileType = file.storyboard; name = Base; path = Base.lproj/LaunchScreen.storyboard; sourceTree = "<group>"; };
		DF6E08AC1FA9307E00D93A87 /* Info.plist */ = {isa = PBXFileReference; lastKnownFileType = text.plist.xml; path = Info.plist; sourceTree = "<group>"; };
		DF6E08B11FA9307E00D93A87 /* Fizikos MetinisTests.xctest */ = {isa = PBXFileReference; explicitFileType = wrapper.cfbundle; includeInIndex = 0; path = "Fizikos MetinisTests.xctest"; sourceTree = BUILT_PRODUCTS_DIR; };
		DF6E08B51FA9307E00D93A87 /* Fizikos_MetinisTests.swift */ = {isa = PBXFileReference; lastKnownFileType = sourcecode.swift; path = Fizikos_MetinisTests.swift; sourceTree = "<group>"; };
		DF6E08B71FA9307E00D93A87 /* Info.plist */ = {isa = PBXFileReference; lastKnownFileType = text.plist.xml; path = Info.plist; sourceTree = "<group>"; };
		DF6E08BC1FA9307E00D93A87 /* Fizikos MetinisUITests.xctest */ = {isa = PBXFileReference; explicitFileType = wrapper.cfbundle; includeInIndex = 0; path = "Fizikos MetinisUITests.xctest"; sourceTree = BUILT_PRODUCTS_DIR; };
		DF6E08C01FA9307E00D93A87 /* Fizikos_MetinisUITests.swift */ = {isa = PBXFileReference; lastKnownFileType = sourcecode.swift; path = Fizikos_MetinisUITests.swift; sourceTree = "<group>"; };
		DF6E08C21FA9307E00D93A87 /* Info.plist */ = {isa = PBXFileReference; lastKnownFileType = text.plist.xml; path = Info.plist; sourceTree = "<group>"; };
		DF6E08CE1FA930B900D93A87 /* Ball.swift */ = {isa = PBXFileReference; lastKnownFileType = sourcecode.swift; path = Ball.swift; sourceTree = "<group>"; };
		DF6E08D01FA9353500D93A87 /* BorderRectangle.swift */ = {isa = PBXFileReference; lastKnownFileType = sourcecode.swift; path = BorderRectangle.swift; sourceTree = "<group>"; };
		DF6E08D21FA9F59C00D93A87 /* MyTileSet.sks */ = {isa = PBXFileReference; lastKnownFileType = file.sks; path = MyTileSet.sks; sourceTree = "<group>"; };
		DF71303E1FABEF3F00ECDB0D /* DragLine.swift */ = {isa = PBXFileReference; lastKnownFileType = sourcecode.swift; path = DragLine.swift; sourceTree = "<group>"; };
		DFCBED801FAF531E00D4E8FB /* Geometry.swift */ = {isa = PBXFileReference; lastKnownFileType = sourcecode.swift; path = Geometry.swift; sourceTree = "<group>"; };
/* End PBXFileReference section */

/* Begin PBXFrameworksBuildPhase section */
		DF6E08941FA9307E00D93A87 /* Frameworks */ = {
			isa = PBXFrameworksBuildPhase;
			buildActionMask = 2147483647;
			files = (
			);
			runOnlyForDeploymentPostprocessing = 0;
		};
		DF6E08AE1FA9307E00D93A87 /* Frameworks */ = {
			isa = PBXFrameworksBuildPhase;
			buildActionMask = 2147483647;
			files = (
			);
			runOnlyForDeploymentPostprocessing = 0;
		};
		DF6E08B91FA9307E00D93A87 /* Frameworks */ = {
			isa = PBXFrameworksBuildPhase;
			buildActionMask = 2147483647;
			files = (
			);
			runOnlyForDeploymentPostprocessing = 0;
		};
/* End PBXFrameworksBuildPhase section */

/* Begin PBXGroup section */
		DF6E088E1FA9307E00D93A87 = {
			isa = PBXGroup;
			children = (
				DF6E08991FA9307E00D93A87 /* Fizikos Metinis */,
				DF6E08B41FA9307E00D93A87 /* Fizikos MetinisTests */,
				DF6E08BF1FA9307E00D93A87 /* Fizikos MetinisUITests */,
				DF6E08981FA9307E00D93A87 /* Products */,
			);
			sourceTree = "<group>";
		};
		DF6E08981FA9307E00D93A87 /* Products */ = {
			isa = PBXGroup;
			children = (
				DF6E08971FA9307E00D93A87 /* Fizikos Metinis.app */,
				DF6E08B11FA9307E00D93A87 /* Fizikos MetinisTests.xctest */,
				DF6E08BC1FA9307E00D93A87 /* Fizikos MetinisUITests.xctest */,
			);
			name = Products;
			sourceTree = "<group>";
		};
		DF6E08991FA9307E00D93A87 /* Fizikos Metinis */ = {
			isa = PBXGroup;
			children = (
				DF6E089A1FA9307E00D93A87 /* AppDelegate.swift */,
				DF6E08CE1FA930B900D93A87 /* Ball.swift */,
				DF6E08D01FA9353500D93A87 /* BorderRectangle.swift */,
				DF71303E1FABEF3F00ECDB0D /* DragLine.swift */,
				DF6E089C1FA9307E00D93A87 /* GameScene.sks */,
				DF6E089E1FA9307E00D93A87 /* Actions.sks */,
				DF6E08D21FA9F59C00D93A87 /* MyTileSet.sks */,
				DF6E08A01FA9307E00D93A87 /* GameScene.swift */,
				DF6E08A21FA9307E00D93A87 /* GameViewController.swift */,
				DF6E08A41FA9307E00D93A87 /* Main.storyboard */,
				DF6E08A71FA9307E00D93A87 /* Assets.xcassets */,
				DF6E08A91FA9307E00D93A87 /* LaunchScreen.storyboard */,
				DF6E08AC1FA9307E00D93A87 /* Info.plist */,
				DFCBED801FAF531E00D4E8FB /* Geometry.swift */,
			);
			path = "Fizikos Metinis";
			sourceTree = "<group>";
		};
		DF6E08B41FA9307E00D93A87 /* Fizikos MetinisTests */ = {
			isa = PBXGroup;
			children = (
				DF6E08B51FA9307E00D93A87 /* Fizikos_MetinisTests.swift */,
				DF6E08B71FA9307E00D93A87 /* Info.plist */,
			);
			path = "Fizikos MetinisTests";
			sourceTree = "<group>";
		};
		DF6E08BF1FA9307E00D93A87 /* Fizikos MetinisUITests */ = {
			isa = PBXGroup;
			children = (
				DF6E08C01FA9307E00D93A87 /* Fizikos_MetinisUITests.swift */,
				DF6E08C21FA9307E00D93A87 /* Info.plist */,
			);
			path = "Fizikos MetinisUITests";
			sourceTree = "<group>";
		};
/* End PBXGroup section */

/* Begin PBXNativeTarget section */
		DF6E08961FA9307E00D93A87 /* Fizikos Metinis */ = {
			isa = PBXNativeTarget;
			buildConfigurationList = DF6E08C51FA9307E00D93A87 /* Build configuration list for PBXNativeTarget "Fizikos Metinis" */;
			buildPhases = (
				DF6E08931FA9307E00D93A87 /* Sources */,
				DF6E08941FA9307E00D93A87 /* Frameworks */,
				DF6E08951FA9307E00D93A87 /* Resources */,
			);
			buildRules = (
			);
			dependencies = (
			);
			name = "Fizikos Metinis";
			productName = "Fizikos Metinis";
			productReference = DF6E08971FA9307E00D93A87 /* Fizikos Metinis.app */;
			productType = "com.apple.product-type.application";
		};
		DF6E08B01FA9307E00D93A87 /* Fizikos MetinisTests */ = {
			isa = PBXNativeTarget;
			buildConfigurationList = DF6E08C81FA9307E00D93A87 /* Build configuration list for PBXNativeTarget "Fizikos MetinisTests" */;
			buildPhases = (
				DF6E08AD1FA9307E00D93A87 /* Sources */,
				DF6E08AE1FA9307E00D93A87 /* Frameworks */,
				DF6E08AF1FA9307E00D93A87 /* Resources */,
			);
			buildRules = (
			);
			dependencies = (
				DF6E08B31FA9307E00D93A87 /* PBXTargetDependency */,
			);
			name = "Fizikos MetinisTests";
			productName = "Fizikos MetinisTests";
			productReference = DF6E08B11FA9307E00D93A87 /* Fizikos MetinisTests.xctest */;
			productType = "com.apple.product-type.bundle.unit-test";
		};
		DF6E08BB1FA9307E00D93A87 /* Fizikos MetinisUITests */ = {
			isa = PBXNativeTarget;
			buildConfigurationList = DF6E08CB1FA9307E00D93A87 /* Build configuration list for PBXNativeTarget "Fizikos MetinisUITests" */;
			buildPhases = (
				DF6E08B81FA9307E00D93A87 /* Sources */,
				DF6E08B91FA9307E00D93A87 /* Frameworks */,
				DF6E08BA1FA9307E00D93A87 /* Resources */,
			);
			buildRules = (
			);
			dependencies = (
				DF6E08BE1FA9307E00D93A87 /* PBXTargetDependency */,
			);
			name = "Fizikos MetinisUITests";
			productName = "Fizikos MetinisUITests";
			productReference = DF6E08BC1FA9307E00D93A87 /* Fizikos MetinisUITests.xctest */;
			productType = "com.apple.product-type.bundle.ui-testing";
		};
/* End PBXNativeTarget section */

/* Begin PBXProject section */
		DF6E088F1FA9307E00D93A87 /* Project object */ = {
			isa = PBXProject;
			attributes = {
				LastSwiftUpdateCheck = 0900;
				LastUpgradeCheck = 0900;
				ORGANIZATIONNAME = Andrius;
				TargetAttributes = {
					DF6E08961FA9307E00D93A87 = {
						CreatedOnToolsVersion = 9.0;
						ProvisioningStyle = Automatic;
					};
					DF6E08B01FA9307E00D93A87 = {
						CreatedOnToolsVersion = 9.0;
						ProvisioningStyle = Automatic;
						TestTargetID = DF6E08961FA9307E00D93A87;
					};
					DF6E08BB1FA9307E00D93A87 = {
						CreatedOnToolsVersion = 9.0;
						ProvisioningStyle = Automatic;
						TestTargetID = DF6E08961FA9307E00D93A87;
					};
				};
			};
			buildConfigurationList = DF6E08921FA9307E00D93A87 /* Build configuration list for PBXProject "Fizikos Metinis" */;
			compatibilityVersion = "Xcode 8.0";
			developmentRegion = en;
			hasScannedForEncodings = 0;
			knownRegions = (
				en,
				Base,
			);
			mainGroup = DF6E088E1FA9307E00D93A87;
			productRefGroup = DF6E08981FA9307E00D93A87 /* Products */;
			projectDirPath = "";
			projectRoot = "";
			targets = (
				DF6E08961FA9307E00D93A87 /* Fizikos Metinis */,
				DF6E08B01FA9307E00D93A87 /* Fizikos MetinisTests */,
				DF6E08BB1FA9307E00D93A87 /* Fizikos MetinisUITests */,
			);
		};
/* End PBXProject section */

/* Begin PBXResourcesBuildPhase section */
		DF6E08951FA9307E00D93A87 /* Resources */ = {
			isa = PBXResourcesBuildPhase;
			buildActionMask = 2147483647;
			files = (
				DF6E08D31FA9F59C00D93A87 /* MyTileSet.sks in Resources */,
				DF6E08A61FA9307E00D93A87 /* Main.storyboard in Resources */,
				DF6E089D1FA9307E00D93A87 /* GameScene.sks in Resources */,
				DF6E08A81FA9307E00D93A87 /* Assets.xcassets in Resources */,
				DF6E08AB1FA9307E00D93A87 /* LaunchScreen.storyboard in Resources */,
				DF6E089F1FA9307E00D93A87 /* Actions.sks in Resources */,
			);
			runOnlyForDeploymentPostprocessing = 0;
		};
		DF6E08AF1FA9307E00D93A87 /* Resources */ = {
			isa = PBXResourcesBuildPhase;
			buildActionMask = 2147483647;
			files = (
			);
			runOnlyForDeploymentPostprocessing = 0;
		};
		DF6E08BA1FA9307E00D93A87 /* Resources */ = {
			isa = PBXResourcesBuildPhase;
			buildActionMask = 2147483647;
			files = (
			);
			runOnlyForDeploymentPostprocessing = 0;
		};
/* End PBXResourcesBuildPhase section */

/* Begin PBXSourcesBuildPhase section */
		DF6E08931FA9307E00D93A87 /* Sources */ = {
			isa = PBXSourcesBuildPhase;
			buildActionMask = 2147483647;
			files = (
				DF6E08CF1FA930BA00D93A87 /* Ball.swift in Sources */,
				DFCBED811FAF531F00D4E8FB /* Geometry.swift in Sources */,
				DF71303F1FABEF3F00ECDB0D /* DragLine.swift in Sources */,
				DF6E08A11FA9307E00D93A87 /* GameScene.swift in Sources */,
				DF6E08A31FA9307E00D93A87 /* GameViewController.swift in Sources */,
				DF6E089B1FA9307E00D93A87 /* AppDelegate.swift in Sources */,
				DF6E08D11FA9353500D93A87 /* BorderRectangle.swift in Sources */,
			);
			runOnlyForDeploymentPostprocessing = 0;
		};
		DF6E08AD1FA9307E00D93A87 /* Sources */ = {
			isa = PBXSourcesBuildPhase;
			buildActionMask = 2147483647;
			files = (
				DF6E08B61FA9307E00D93A87 /* Fizikos_MetinisTests.swift in Sources */,
			);
			runOnlyForDeploymentPostprocessing = 0;
		};
		DF6E08B81FA9307E00D93A87 /* Sources */ = {
			isa = PBXSourcesBuildPhase;
			buildActionMask = 2147483647;
			files = (
				DF6E08C11FA9307E00D93A87 /* Fizikos_MetinisUITests.swift in Sources */,
			);
			runOnlyForDeploymentPostprocessing = 0;
		};
/* End PBXSourcesBuildPhase section */

/* Begin PBXTargetDependency section */
		DF6E08B31FA9307E00D93A87 /* PBXTargetDependency */ = {
			isa = PBXTargetDependency;
			target = DF6E08961FA9307E00D93A87 /* Fizikos Metinis */;
			targetProxy = DF6E08B21FA9307E00D93A87 /* PBXContainerItemProxy */;
		};
		DF6E08BE1FA9307E00D93A87 /* PBXTargetDependency */ = {
			isa = PBXTargetDependency;
			target = DF6E08961FA9307E00D93A87 /* Fizikos Metinis */;
			targetProxy = DF6E08BD1FA9307E00D93A87 /* PBXContainerItemProxy */;
		};
/* End PBXTargetDependency section */

/* Begin PBXVariantGroup section */
		DF6E08A41FA9307E00D93A87 /* Main.storyboard */ = {
			isa = PBXVariantGroup;
			children = (
				DF6E08A51FA9307E00D93A87 /* Base */,
			);
			name = Main.storyboard;
			sourceTree = "<group>";
		};
		DF6E08A91FA9307E00D93A87 /* LaunchScreen.storyboard */ = {
			isa = PBXVariantGroup;
			children = (
				DF6E08AA1FA9307E00D93A87 /* Base */,
			);
			name = LaunchScreen.storyboard;
			sourceTree = "<group>";
		};
/* End PBXVariantGroup section */

/* Begin XCBuildConfiguration section */
		DF6E08C31FA9307E00D93A87 /* Debug */ = {
			isa = XCBuildConfiguration;
			buildSettings = {
				ALWAYS_SEARCH_USER_PATHS = NO;
				CLANG_ANALYZER_NONNULL = YES;
				CLANG_ANALYZER_NUMBER_OBJECT_CONVERSION = YES_AGGRESSIVE;
				CLANG_CXX_LANGUAGE_STANDARD = "gnu++14";
				CLANG_CXX_LIBRARY = "libc++";
				CLANG_ENABLE_MODULES = YES;
				CLANG_ENABLE_OBJC_ARC = YES;
				CLANG_WARN_BLOCK_CAPTURE_AUTORELEASING = YES;
				CLANG_WARN_BOOL_CONVERSION = YES;
				CLANG_WARN_COMMA = YES;
				CLANG_WARN_CONSTANT_CONVERSION = YES;
				CLANG_WARN_DIRECT_OBJC_ISA_USAGE = YES_ERROR;
				CLANG_WARN_DOCUMENTATION_COMMENTS = YES;
				CLANG_WARN_EMPTY_BODY = YES;
				CLANG_WARN_ENUM_CONVERSION = YES;
				CLANG_WARN_INFINITE_RECURSION = YES;
				CLANG_WARN_INT_CONVERSION = YES;
				CLANG_WARN_NON_LITERAL_NULL_CONVERSION = YES;
				CLANG_WARN_OBJC_LITERAL_CONVERSION = YES;
				CLANG_WARN_OBJC_ROOT_CLASS = YES_ERROR;
				CLANG_WARN_RANGE_LOOP_ANALYSIS = YES;
				CLANG_WARN_STRICT_PROTOTYPES = YES;
				CLANG_WARN_SUSPICIOUS_MOVE = YES;
				CLANG_WARN_UNGUARDED_AVAILABILITY = YES_AGGRESSIVE;
				CLANG_WARN_UNREACHABLE_CODE = YES;
				CLANG_WARN__DUPLICATE_METHOD_MATCH = YES;
				CODE_SIGN_IDENTITY = "iPhone Developer";
				COPY_PHASE_STRIP = NO;
				DEBUG_INFORMATION_FORMAT = dwarf;
				ENABLE_STRICT_OBJC_MSGSEND = YES;
				ENABLE_TESTABILITY = YES;
				GCC_C_LANGUAGE_STANDARD = gnu11;
				GCC_DYNAMIC_NO_PIC = NO;
				GCC_NO_COMMON_BLOCKS = YES;
				GCC_OPTIMIZATION_LEVEL = 0;
				GCC_PREPROCESSOR_DEFINITIONS = (
					"DEBUG=1",
					"$(inherited)",
				);
				GCC_WARN_64_TO_32_BIT_CONVERSION = YES;
				GCC_WARN_ABOUT_RETURN_TYPE = YES_ERROR;
				GCC_WARN_UNDECLARED_SELECTOR = YES;
				GCC_WARN_UNINITIALIZED_AUTOS = YES_AGGRESSIVE;
				GCC_WARN_UNUSED_FUNCTION = YES;
				GCC_WARN_UNUSED_VARIABLE = YES;
				IPHONEOS_DEPLOYMENT_TARGET = 11.0;
				MTL_ENABLE_DEBUG_INFO = YES;
				ONLY_ACTIVE_ARCH = YES;
				SDKROOT = iphoneos;
				SWIFT_ACTIVE_COMPILATION_CONDITIONS = DEBUG;
				SWIFT_OPTIMIZATION_LEVEL = "-Onone";
			};
			name = Debug;
		};
		DF6E08C41FA9307E00D93A87 /* Release */ = {
			isa = XCBuildConfiguration;
			buildSettings = {
				ALWAYS_SEARCH_USER_PATHS = NO;
				CLANG_ANALYZER_NONNULL = YES;
				CLANG_ANALYZER_NUMBER_OBJECT_CONVERSION = YES_AGGRESSIVE;
				CLANG_CXX_LANGUAGE_STANDARD = "gnu++14";
				CLANG_CXX_LIBRARY = "libc++";
				CLANG_ENABLE_MODULES = YES;
				CLANG_ENABLE_OBJC_ARC = YES;
				CLANG_WARN_BLOCK_CAPTURE_AUTORELEASING = YES;
				CLANG_WARN_BOOL_CONVERSION = YES;
				CLANG_WARN_COMMA = YES;
				CLANG_WARN_CONSTANT_CONVERSION = YES;
				CLANG_WARN_DIRECT_OBJC_ISA_USAGE = YES_ERROR;
				CLANG_WARN_DOCUMENTATION_COMMENTS = YES;
				CLANG_WARN_EMPTY_BODY = YES;
				CLANG_WARN_ENUM_CONVERSION = YES;
				CLANG_WARN_INFINITE_RECURSION = YES;
				CLANG_WARN_INT_CONVERSION = YES;
				CLANG_WARN_NON_LITERAL_NULL_CONVERSION = YES;
				CLANG_WARN_OBJC_LITERAL_CONVERSION = YES;
				CLANG_WARN_OBJC_ROOT_CLASS = YES_ERROR;
				CLANG_WARN_RANGE_LOOP_ANALYSIS = YES;
				CLANG_WARN_STRICT_PROTOTYPES = YES;
				CLANG_WARN_SUSPICIOUS_MOVE = YES;
				CLANG_WARN_UNGUARDED_AVAILABILITY = YES_AGGRESSIVE;
				CLANG_WARN_UNREACHABLE_CODE = YES;
				CLANG_WARN__DUPLICATE_METHOD_MATCH = YES;
				CODE_SIGN_IDENTITY = "iPhone Developer";
				COPY_PHASE_STRIP = NO;
				DEBUG_INFORMATION_FORMAT = "dwarf-with-dsym";
				ENABLE_NS_ASSERTIONS = NO;
				ENABLE_STRICT_OBJC_MSGSEND = YES;
				GCC_C_LANGUAGE_STANDARD = gnu11;
				GCC_NO_COMMON_BLOCKS = YES;
				GCC_WARN_64_TO_32_BIT_CONVERSION = YES;
				GCC_WARN_ABOUT_RETURN_TYPE = YES_ERROR;
				GCC_WARN_UNDECLARED_SELECTOR = YES;
				GCC_WARN_UNINITIALIZED_AUTOS = YES_AGGRESSIVE;
				GCC_WARN_UNUSED_FUNCTION = YES;
				GCC_WARN_UNUSED_VARIABLE = YES;
				IPHONEOS_DEPLOYMENT_TARGET = 11.0;
				MTL_ENABLE_DEBUG_INFO = NO;
				SDKROOT = iphoneos;
				SWIFT_OPTIMIZATION_LEVEL = "-Owholemodule";
				VALIDATE_PRODUCT = YES;
			};
			name = Release;
		};
		DF6E08C61FA9307E00D93A87 /* Debug */ = {
			isa = XCBuildConfiguration;
			buildSettings = {
				ASSETCATALOG_COMPILER_APPICON_NAME = AppIcon;
				CODE_SIGN_STYLE = Automatic;
				DEVELOPMENT_TEAM = 9LMTS586BX;
				INFOPLIST_FILE = "Fizikos Metinis/Info.plist";
				LD_RUNPATH_SEARCH_PATHS = "$(inherited) @executable_path/Frameworks";
				PRODUCT_BUNDLE_IDENTIFIER = "Andrius.Fizikos-Metinis";
				PRODUCT_NAME = "$(TARGET_NAME)";
				SWIFT_VERSION = 4.0;
				TARGETED_DEVICE_FAMILY = "1,2";
			};
			name = Debug;
		};
		DF6E08C71FA9307E00D93A87 /* Release */ = {
			isa = XCBuildConfiguration;
			buildSettings = {
				ASSETCATALOG_COMPILER_APPICON_NAME = AppIcon;
				CODE_SIGN_STYLE = Automatic;
				DEVELOPMENT_TEAM = 9LMTS586BX;
				INFOPLIST_FILE = "Fizikos Metinis/Info.plist";
				LD_RUNPATH_SEARCH_PATHS = "$(inherited) @executable_path/Frameworks";
				PRODUCT_BUNDLE_IDENTIFIER = "Andrius.Fizikos-Metinis";
				PRODUCT_NAME = "$(TARGET_NAME)";
				SWIFT_VERSION = 4.0;
				TARGETED_DEVICE_FAMILY = "1,2";
			};
			name = Release;
		};
		DF6E08C91FA9307E00D93A87 /* Debug */ = {
			isa = XCBuildConfiguration;
			buildSettings = {
				ALWAYS_EMBED_SWIFT_STANDARD_LIBRARIES = YES;
				BUNDLE_LOADER = "$(TEST_HOST)";
				CODE_SIGN_STYLE = Automatic;
				DEVELOPMENT_TEAM = 9LMTS586BX;
				INFOPLIST_FILE = "Fizikos MetinisTests/Info.plist";
				LD_RUNPATH_SEARCH_PATHS = "$(inherited) @executable_path/Frameworks @loader_path/Frameworks";
				PRODUCT_BUNDLE_IDENTIFIER = "Andrius.Fizikos-MetinisTests";
				PRODUCT_NAME = "$(TARGET_NAME)";
				SWIFT_VERSION = 4.0;
				TARGETED_DEVICE_FAMILY = "1,2";
				TEST_HOST = "$(BUILT_PRODUCTS_DIR)/Fizikos Metinis.app/Fizikos Metinis";
			};
			name = Debug;
		};
		DF6E08CA1FA9307E00D93A87 /* Release */ = {
			isa = XCBuildConfiguration;
			buildSettings = {
				ALWAYS_EMBED_SWIFT_STANDARD_LIBRARIES = YES;
				BUNDLE_LOADER = "$(TEST_HOST)";
				CODE_SIGN_STYLE = Automatic;
				DEVELOPMENT_TEAM = 9LMTS586BX;
				INFOPLIST_FILE = "Fizikos MetinisTests/Info.plist";
				LD_RUNPATH_SEARCH_PATHS = "$(inherited) @executable_path/Frameworks @loader_path/Frameworks";
				PRODUCT_BUNDLE_IDENTIFIER = "Andrius.Fizikos-MetinisTests";
				PRODUCT_NAME = "$(TARGET_NAME)";
				SWIFT_VERSION = 4.0;
				TARGETED_DEVICE_FAMILY = "1,2";
				TEST_HOST = "$(BUILT_PRODUCTS_DIR)/Fizikos Metinis.app/Fizikos Metinis";
			};
			name = Release;
		};
		DF6E08CC1FA9307E00D93A87 /* Debug */ = {
			isa = XCBuildConfiguration;
			buildSettings = {
				ALWAYS_EMBED_SWIFT_STANDARD_LIBRARIES = YES;
				CODE_SIGN_STYLE = Automatic;
				DEVELOPMENT_TEAM = 9LMTS586BX;
				INFOPLIST_FILE = "Fizikos MetinisUITests/Info.plist";
				LD_RUNPATH_SEARCH_PATHS = "$(inherited) @executable_path/Frameworks @loader_path/Frameworks";
				PRODUCT_BUNDLE_IDENTIFIER = "Andrius.Fizikos-MetinisUITests";
				PRODUCT_NAME = "$(TARGET_NAME)";
				SWIFT_VERSION = 4.0;
				TARGETED_DEVICE_FAMILY = "1,2";
				TEST_TARGET_NAME = "Fizikos Metinis";
			};
			name = Debug;
		};
		DF6E08CD1FA9307E00D93A87 /* Release */ = {
			isa = XCBuildConfiguration;
			buildSettings = {
				ALWAYS_EMBED_SWIFT_STANDARD_LIBRARIES = YES;
				CODE_SIGN_STYLE = Automatic;
				DEVELOPMENT_TEAM = 9LMTS586BX;
				INFOPLIST_FILE = "Fizikos MetinisUITests/Info.plist";
				LD_RUNPATH_SEARCH_PATHS = "$(inherited) @executable_path/Frameworks @loader_path/Frameworks";
				PRODUCT_BUNDLE_IDENTIFIER = "Andrius.Fizikos-MetinisUITests";
				PRODUCT_NAME = "$(TARGET_NAME)";
				SWIFT_VERSION = 4.0;
				TARGETED_DEVICE_FAMILY = "1,2";
				TEST_TARGET_NAME = "Fizikos Metinis";
			};
			name = Release;
		};
/* End XCBuildConfiguration section */

/* Begin XCConfigurationList section */
		DF6E08921FA9307E00D93A87 /* Build configuration list for PBXProject "Fizikos Metinis" */ = {
			isa = XCConfigurationList;
			buildConfigurations = (
				DF6E08C31FA9307E00D93A87 /* Debug */,
				DF6E08C41FA9307E00D93A87 /* Release */,
			);
			defaultConfigurationIsVisible = 0;
			defaultConfigurationName = Release;
		};
		DF6E08C51FA9307E00D93A87 /* Build configuration list for PBXNativeTarget "Fizikos Metinis" */ = {
			isa = XCConfigurationList;
			buildConfigurations = (
				DF6E08C61FA9307E00D93A87 /* Debug */,
				DF6E08C71FA9307E00D93A87 /* Release */,
			);
			defaultConfigurationIsVisible = 0;
			defaultConfigurationName = Release;
		};
		DF6E08C81FA9307E00D93A87 /* Build configuration list for PBXNativeTarget "Fizikos MetinisTests" */ = {
			isa = XCConfigurationList;
			buildConfigurations = (
				DF6E08C91FA9307E00D93A87 /* Debug */,
				DF6E08CA1FA9307E00D93A87 /* Release */,
			);
			defaultConfigurationIsVisible = 0;
			defaultConfigurationName = Release;
		};
		DF6E08CB1FA9307E00D93A87 /* Build configuration list for PBXNativeTarget "Fizikos MetinisUITests" */ = {
			isa = XCConfigurationList;
			buildConfigurations = (
				DF6E08CC1FA9307E00D93A87 /* Debug */,
				DF6E08CD1FA9307E00D93A87 /* Release */,
			);
			defaultConfigurationIsVisible = 0;
			defaultConfigurationName = Release;
		};
/* End XCConfigurationList section */
	};
	rootObject = DF6E088F1FA9307E00D93A87 /* Project object */;
}
